
Microsoft Visual Studio Solution File, Format Version 12.00
# Visual Studio Version 17
VisualStudioVersion = 17.4.33213.308
MinimumVisualStudioVersion = 10.0.40219.1
Project("{2150E333-8FDC-42A3-9474-1A3956D46DE8}") = "docs", "docs", "{24930DE3-46FC-4CFF-83B0-6399FF0CCEA6}"
	ProjectSection(SolutionItems) = preProject
		docs\index.html = docs\index.html
		docs\more.md = docs\more.md
	EndProjectSection
EndProject
Project("{2150E333-8FDC-42A3-9474-1A3956D46DE8}") = "Solution Items", "Solution Items", "{44FA8D78-0938-418E-B00C-0EAAC90E9936}"
	ProjectSection(SolutionItems) = preProject
		README.md = README.md
	EndProjectSection
EndProject
Project("{9A19103F-16F7-4668-BE54-9A1E7A4F7556}") = "SrvSurvey", "SrvSurvey\SrvSurvey.csproj", "{E2B79DB7-D6C9-402D-BFC8-5BC19291EEEA}"
EndProject
Global
	GlobalSection(SolutionConfigurationPlatforms) = preSolution
		Debug|Any CPU = Debug|Any CPU
		Release|Any CPU = Release|Any CPU
	EndGlobalSection
	GlobalSection(ProjectConfigurationPlatforms) = postSolution
		{E2B79DB7-D6C9-402D-BFC8-5BC19291EEEA}.Debug|Any CPU.ActiveCfg = Debug|Any CPU
		{E2B79DB7-D6C9-402D-BFC8-5BC19291EEEA}.Debug|Any CPU.Build.0 = Debug|Any CPU
		{E2B79DB7-D6C9-402D-BFC8-5BC19291EEEA}.Release|Any CPU.ActiveCfg = Release|Any CPU
		{E2B79DB7-D6C9-402D-BFC8-5BC19291EEEA}.Release|Any CPU.Build.0 = Release|Any CPU
	EndGlobalSection
	GlobalSection(SolutionProperties) = preSolution
		HideSolutionNode = FALSE
	EndGlobalSection
	GlobalSection(ExtensibilityGlobals) = postSolution
		SolutionGuid = {2FF13E78-BF18-4B94-804B-60FEB1EFCBD5}
	EndGlobalSection
EndGlobal
